
Microsoft Visual Studio Solution File, Format Version 12.00
# Visual Studio Version 17
VisualStudioVersion = 17.6.33815.320
MinimumVisualStudioVersion = 10.0.40219.1
Project("{FAE04EC0-301F-11D3-BF4B-00C04F79EFBC}") = "WorkerService", "WorkerService\WorkerService.csproj", "{1D42E9F5-DA37-473E-92C2-2AE3653E33AF}"
EndProject
Global
	GlobalSection(SolutionConfigurationPlatforms) = preSolution
		Debug|Any CPU = Debug|Any CPU
		Release|Any CPU = Release|Any CPU
	EndGlobalSection
	GlobalSection(ProjectConfigurationPlatforms) = postSolution
		{1D42E9F5-DA37-473E-92C2-2AE3653E33AF}.Debug|Any CPU.ActiveCfg = Debug|Any CPU
		{1D42E9F5-DA37-473E-92C2-2AE3653E33AF}.Debug|Any CPU.Build.0 = Debug|Any CPU
		{1D42E9F5-DA37-473E-92C2-2AE3653E33AF}.Release|Any CPU.ActiveCfg = Release|Any CPU
		{1D42E9F5-DA37-473E-92C2-2AE3653E33AF}.Release|Any CPU.Build.0 = Release|Any CPU
	EndGlobalSection
	GlobalSection(SolutionProperties) = preSolution
		HideSolutionNode = FALSE
	EndGlobalSection
	GlobalSection(ExtensibilityGlobals) = postSolution
		SolutionGuid = {CE7E275D-ED64-45BA-A78B-E9B659F1D024}
	EndGlobalSection
EndGlobal
